
Microsoft Visual Studio Solution File, Format Version 12.00
# Visual Studio Version 16
VisualStudioVersion = 16.0.30621.155
MinimumVisualStudioVersion = 10.0.40219.1
Project("{8BC9CEB8-8B4A-11D0-8D11-00A0C91BC942}") = "Skeleton", "Skeleton.vcxproj", "{86B2F096-F135-48DE-977C-45B911DAD166}"
EndProject
Global
	GlobalSection(SolutionConfigurationPlatforms) = preSolution
		Debug|x64 = Debug|x64
		Debug|x86 = Debug|x86
		Release|x64 = Release|x64
		Release|x86 = Release|x86
	EndGlobalSection
	GlobalSection(ProjectConfigurationPlatforms) = postSolution
		{86B2F096-F135-48DE-977C-45B911DAD166}.Debug|x64.ActiveCfg = Debug|x64
		{86B2F096-F135-48DE-977C-45B911DAD166}.Debug|x64.Build.0 = Debug|x64
		{86B2F096-F135-48DE-977C-45B911DAD166}.Debug|x86.ActiveCfg = Debug|Win32
		{86B2F096-F135-48DE-977C-45B911DAD166}.Debug|x86.Build.0 = Debug|Win32
		{86B2F096-F135-48DE-977C-45B911DAD166}.Release|x64.ActiveCfg = Release|x64
		{86B2F096-F135-48DE-977C-45B911DAD166}.Release|x64.Build.0 = Release|x64
		{86B2F096-F135-48DE-977C-45B911DAD166}.Release|x86.ActiveCfg = Release|Win32
		{86B2F096-F135-48DE-977C-45B911DAD166}.Release|x86.Build.0 = Release|Win32
	EndGlobalSection
	GlobalSection(SolutionProperties) = preSolution
		HideSolutionNode = FALSE
	EndGlobalSection
	GlobalSection(ExtensibilityGlobals) = postSolution
		SolutionGuid = {70E8274D-EEBF-4F2A-91A9-2DECC5C296EB}
	EndGlobalSection
EndGlobal
